// !$*UTF8*$!
{
	archiveVersion = 1;
	classes = {
	};
	objectVersion = 50;
	objects = {

/* Begin PBXBuildFile section */
		BF15C39E208C013100F19030 /* AppDelegate.swift in Sources */ = {isa = PBXBuildFile; fileRef = BF15C39D208C013100F19030 /* AppDelegate.swift */; };
		BF15C3A0208C013100F19030 /* ViewController.swift in Sources */ = {isa = PBXBuildFile; fileRef = BF15C39F208C013100F19030 /* ViewController.swift */; };
		BF15C3A3208C013100F19030 /* Main.storyboard in Resources */ = {isa = PBXBuildFile; fileRef = BF15C3A1208C013100F19030 /* Main.storyboard */; };
		BF15C3A5208C013400F19030 /* Assets.xcassets in Resources */ = {isa = PBXBuildFile; fileRef = BF15C3A4208C013400F19030 /* Assets.xcassets */; };
		BF15C3A8208C013400F19030 /* LaunchScreen.storyboard in Resources */ = {isa = PBXBuildFile; fileRef = BF15C3A6208C013400F19030 /* LaunchScreen.storyboard */; };
		BF15C3B3208C013400F19030 /* MelonciaTests.swift in Sources */ = {isa = PBXBuildFile; fileRef = BF15C3B2208C013400F19030 /* MelonciaTests.swift */; };
		BF15C3BE208C013400F19030 /* MelonciaUITests.swift in Sources */ = {isa = PBXBuildFile; fileRef = BF15C3BD208C013400F19030 /* MelonciaUITests.swift */; };
		BFF9473C209047910001D6A1 /* DetailViewController.swift in Sources */ = {isa = PBXBuildFile; fileRef = BFF9473B209047910001D6A1 /* DetailViewController.swift */; };
/* End PBXBuildFile section */

/* Begin PBXContainerItemProxy section */
		BF15C3AF208C013400F19030 /* PBXContainerItemProxy */ = {
			isa = PBXContainerItemProxy;
			containerPortal = BF15C392208C013100F19030 /* Project object */;
			proxyType = 1;
			remoteGlobalIDString = BF15C399208C013100F19030;
			remoteInfo = Meloncia;
		};
		BF15C3BA208C013400F19030 /* PBXContainerItemProxy */ = {
			isa = PBXContainerItemProxy;
			containerPortal = BF15C392208C013100F19030 /* Project object */;
			proxyType = 1;
			remoteGlobalIDString = BF15C399208C013100F19030;
			remoteInfo = Meloncia;
		};
/* End PBXContainerItemProxy section */

/* Begin PBXFileReference section */
		BF15C39A208C013100F19030 /* Melancia.app */ = {isa = PBXFileReference; explicitFileType = wrapper.application; includeInIndex = 0; path = Melancia.app; sourceTree = BUILT_PRODUCTS_DIR; };
		BF15C39D208C013100F19030 /* AppDelegate.swift */ = {isa = PBXFileReference; lastKnownFileType = sourcecode.swift; path = AppDelegate.swift; sourceTree = "<group>"; };
		BF15C39F208C013100F19030 /* ViewController.swift */ = {isa = PBXFileReference; lastKnownFileType = sourcecode.swift; path = ViewController.swift; sourceTree = "<group>"; };
		BF15C3A2208C013100F19030 /* Base */ = {isa = PBXFileReference; lastKnownFileType = file.storyboard; name = Base; path = Base.lproj/Main.storyboard; sourceTree = "<group>"; };
		BF15C3A4208C013400F19030 /* Assets.xcassets */ = {isa = PBXFileReference; lastKnownFileType = folder.assetcatalog; path = Assets.xcassets; sourceTree = "<group>"; };
		BF15C3A7208C013400F19030 /* Base */ = {isa = PBXFileReference; lastKnownFileType = file.storyboard; name = Base; path = Base.lproj/LaunchScreen.storyboard; sourceTree = "<group>"; };
		BF15C3A9208C013400F19030 /* Info.plist */ = {isa = PBXFileReference; lastKnownFileType = text.plist.xml; path = Info.plist; sourceTree = "<group>"; };
		BF15C3AE208C013400F19030 /* MelanciaTests.xctest */ = {isa = PBXFileReference; explicitFileType = wrapper.cfbundle; includeInIndex = 0; path = MelanciaTests.xctest; sourceTree = BUILT_PRODUCTS_DIR; };
		BF15C3B2208C013400F19030 /* MelonciaTests.swift */ = {isa = PBXFileReference; lastKnownFileType = sourcecode.swift; path = MelonciaTests.swift; sourceTree = "<group>"; };
		BF15C3B4208C013400F19030 /* Info.plist */ = {isa = PBXFileReference; lastKnownFileType = text.plist.xml; path = Info.plist; sourceTree = "<group>"; };
		BF15C3B9208C013400F19030 /* MelanciaUITests.xctest */ = {isa = PBXFileReference; explicitFileType = wrapper.cfbundle; includeInIndex = 0; path = MelanciaUITests.xctest; sourceTree = BUILT_PRODUCTS_DIR; };
		BF15C3BD208C013400F19030 /* MelonciaUITests.swift */ = {isa = PBXFileReference; lastKnownFileType = sourcecode.swift; path = MelonciaUITests.swift; sourceTree = "<group>"; };
		BF15C3BF208C013400F19030 /* Info.plist */ = {isa = PBXFileReference; lastKnownFileType = text.plist.xml; path = Info.plist; sourceTree = "<group>"; };
		BFF9473B209047910001D6A1 /* DetailViewController.swift */ = {isa = PBXFileReference; lastKnownFileType = sourcecode.swift; path = DetailViewController.swift; sourceTree = "<group>"; };
/* End PBXFileReference section */

/* Begin PBXFrameworksBuildPhase section */
		BF15C397208C013100F19030 /* Frameworks */ = {
			isa = PBXFrameworksBuildPhase;
			buildActionMask = 2147483647;
			files = (
			);
			runOnlyForDeploymentPostprocessing = 0;
		};
		BF15C3AB208C013400F19030 /* Frameworks */ = {
			isa = PBXFrameworksBuildPhase;
			buildActionMask = 2147483647;
			files = (
			);
			runOnlyForDeploymentPostprocessing = 0;
		};
		BF15C3B6208C013400F19030 /* Frameworks */ = {
			isa = PBXFrameworksBuildPhase;
			buildActionMask = 2147483647;
			files = (
			);
			runOnlyForDeploymentPostprocessing = 0;
		};
/* End PBXFrameworksBuildPhase section */

/* Begin PBXGroup section */
		BF15C391208C013100F19030 = {
			isa = PBXGroup;
			children = (
				BF15C39C208C013100F19030 /* Melancia */,
				BF15C3B1208C013400F19030 /* MelanciaTests */,
				BF15C3BC208C013400F19030 /* MelanciaUITests */,
				BF15C39B208C013100F19030 /* Products */,
			);
			sourceTree = "<group>";
		};
		BF15C39B208C013100F19030 /* Products */ = {
			isa = PBXGroup;
			children = (
				BF15C39A208C013100F19030 /* Melancia.app */,
				BF15C3AE208C013400F19030 /* MelanciaTests.xctest */,
				BF15C3B9208C013400F19030 /* MelanciaUITests.xctest */,
			);
			name = Products;
			sourceTree = "<group>";
		};
		BF15C39C208C013100F19030 /* Melancia */ = {
			isa = PBXGroup;
			children = (
				BF15C39D208C013100F19030 /* AppDelegate.swift */,
				BF15C39F208C013100F19030 /* ViewController.swift */,
				BFF9473B209047910001D6A1 /* DetailViewController.swift */,
				BF15C3A1208C013100F19030 /* Main.storyboard */,
				BF15C3A4208C013400F19030 /* Assets.xcassets */,
				BF15C3A6208C013400F19030 /* LaunchScreen.storyboard */,
				BF15C3A9208C013400F19030 /* Info.plist */,
			);
			path = Melancia;
			sourceTree = "<group>";
		};
		BF15C3B1208C013400F19030 /* MelanciaTests */ = {
			isa = PBXGroup;
			children = (
				BF15C3B2208C013400F19030 /* MelonciaTests.swift */,
				BF15C3B4208C013400F19030 /* Info.plist */,
			);
			path = MelanciaTests;
			sourceTree = "<group>";
		};
		BF15C3BC208C013400F19030 /* MelanciaUITests */ = {
			isa = PBXGroup;
			children = (
				BF15C3BD208C013400F19030 /* MelonciaUITests.swift */,
				BF15C3BF208C013400F19030 /* Info.plist */,
			);
			path = MelanciaUITests;
			sourceTree = "<group>";
		};
/* End PBXGroup section */

/* Begin PBXNativeTarget section */
		BF15C399208C013100F19030 /* Melancia */ = {
			isa = PBXNativeTarget;
			buildConfigurationList = BF15C3C2208C013400F19030 /* Build configuration list for PBXNativeTarget "Melancia" */;
			buildPhases = (
				BF15C396208C013100F19030 /* Sources */,
				BF15C397208C013100F19030 /* Frameworks */,
				BF15C398208C013100F19030 /* Resources */,
			);
			buildRules = (
			);
			dependencies = (
			);
			name = Melancia;
			productName = Meloncia;
			productReference = BF15C39A208C013100F19030 /* Melancia.app */;
			productType = "com.apple.product-type.application";
		};
		BF15C3AD208C013400F19030 /* MelanciaTests */ = {
			isa = PBXNativeTarget;
			buildConfigurationList = BF15C3C5208C013400F19030 /* Build configuration list for PBXNativeTarget "MelanciaTests" */;
			buildPhases = (
				BF15C3AA208C013400F19030 /* Sources */,
				BF15C3AB208C013400F19030 /* Frameworks */,
				BF15C3AC208C013400F19030 /* Resources */,
			);
			buildRules = (
			);
			dependencies = (
				BF15C3B0208C013400F19030 /* PBXTargetDependency */,
			);
			name = MelanciaTests;
			productName = MelonciaTests;
			productReference = BF15C3AE208C013400F19030 /* MelanciaTests.xctest */;
			productType = "com.apple.product-type.bundle.unit-test";
		};
		BF15C3B8208C013400F19030 /* MelanciaUITests */ = {
			isa = PBXNativeTarget;
			buildConfigurationList = BF15C3C8208C013400F19030 /* Build configuration list for PBXNativeTarget "MelanciaUITests" */;
			buildPhases = (
				BF15C3B5208C013400F19030 /* Sources */,
				BF15C3B6208C013400F19030 /* Frameworks */,
				BF15C3B7208C013400F19030 /* Resources */,
			);
			buildRules = (
			);
			dependencies = (
				BF15C3BB208C013400F19030 /* PBXTargetDependency */,
			);
			name = MelanciaUITests;
			productName = MelonciaUITests;
			productReference = BF15C3B9208C013400F19030 /* MelanciaUITests.xctest */;
			productType = "com.apple.product-type.bundle.ui-testing";
		};
/* End PBXNativeTarget section */

/* Begin PBXProject section */
		BF15C392208C013100F19030 /* Project object */ = {
			isa = PBXProject;
			attributes = {
				LastSwiftUpdateCheck = 0930;
				LastUpgradeCheck = 0930;
				ORGANIZATIONNAME = Jun;
				TargetAttributes = {
					BF15C399208C013100F19030 = {
						CreatedOnToolsVersion = 9.3;
					};
					BF15C3AD208C013400F19030 = {
						CreatedOnToolsVersion = 9.3;
						TestTargetID = BF15C399208C013100F19030;
					};
					BF15C3B8208C013400F19030 = {
						CreatedOnToolsVersion = 9.3;
						TestTargetID = BF15C399208C013100F19030;
					};
				};
			};
			buildConfigurationList = BF15C395208C013100F19030 /* Build configuration list for PBXProject "Melancia" */;
			compatibilityVersion = "Xcode 9.3";
			developmentRegion = en;
			hasScannedForEncodings = 0;
			knownRegions = (
				en,
				Base,
			);
			mainGroup = BF15C391208C013100F19030;
			productRefGroup = BF15C39B208C013100F19030 /* Products */;
			projectDirPath = "";
			projectRoot = "";
			targets = (
				BF15C399208C013100F19030 /* Melancia */,
				BF15C3AD208C013400F19030 /* MelanciaTests */,
				BF15C3B8208C013400F19030 /* MelanciaUITests */,
			);
		};
/* End PBXProject section */

/* Begin PBXResourcesBuildPhase section */
		BF15C398208C013100F19030 /* Resources */ = {
			isa = PBXResourcesBuildPhase;
			buildActionMask = 2147483647;
			files = (
				BF15C3A8208C013400F19030 /* LaunchScreen.storyboard in Resources */,
				BF15C3A5208C013400F19030 /* Assets.xcassets in Resources */,
				BF15C3A3208C013100F19030 /* Main.storyboard in Resources */,
			);
			runOnlyForDeploymentPostprocessing = 0;
		};
		BF15C3AC208C013400F19030 /* Resources */ = {
			isa = PBXResourcesBuildPhase;
			buildActionMask = 2147483647;
			files = (
			);
			runOnlyForDeploymentPostprocessing = 0;
		};
		BF15C3B7208C013400F19030 /* Resources */ = {
			isa = PBXResourcesBuildPhase;
			buildActionMask = 2147483647;
			files = (
			);
			runOnlyForDeploymentPostprocessing = 0;
		};
/* End PBXResourcesBuildPhase section */

/* Begin PBXSourcesBuildPhase section */
		BF15C396208C013100F19030 /* Sources */ = {
			isa = PBXSourcesBuildPhase;
			buildActionMask = 2147483647;
			files = (
				BFF9473C209047910001D6A1 /* DetailViewController.swift in Sources */,
				BF15C3A0208C013100F19030 /* ViewController.swift in Sources */,
				BF15C39E208C013100F19030 /* AppDelegate.swift in Sources */,
			);
			runOnlyForDeploymentPostprocessing = 0;
		};
		BF15C3AA208C013400F19030 /* Sources */ = {
			isa = PBXSourcesBuildPhase;
			buildActionMask = 2147483647;
			files = (
				BF15C3B3208C013400F19030 /* MelonciaTests.swift in Sources */,
			);
			runOnlyForDeploymentPostprocessing = 0;
		};
		BF15C3B5208C013400F19030 /* Sources */ = {
			isa = PBXSourcesBuildPhase;
			buildActionMask = 2147483647;
			files = (
				BF15C3BE208C013400F19030 /* MelonciaUITests.swift in Sources */,
			);
			runOnlyForDeploymentPostprocessing = 0;
		};
/* End PBXSourcesBuildPhase section */

/* Begin PBXTargetDependency section */
		BF15C3B0208C013400F19030 /* PBXTargetDependency */ = {
			isa = PBXTargetDependency;
			target = BF15C399208C013100F19030 /* Melancia */;
			targetProxy = BF15C3AF208C013400F19030 /* PBXContainerItemProxy */;
		};
		BF15C3BB208C013400F19030 /* PBXTargetDependency */ = {
			isa = PBXTargetDependency;
			target = BF15C399208C013100F19030 /* Melancia */;
			targetProxy = BF15C3BA208C013400F19030 /* PBXContainerItemProxy */;
		};
/* End PBXTargetDependency section */

/* Begin PBXVariantGroup section */
		BF15C3A1208C013100F19030 /* Main.storyboard */ = {
			isa = PBXVariantGroup;
			children = (
				BF15C3A2208C013100F19030 /* Base */,
			);
			name = Main.storyboard;
			sourceTree = "<group>";
		};
		BF15C3A6208C013400F19030 /* LaunchScreen.storyboard */ = {
			isa = PBXVariantGroup;
			children = (
				BF15C3A7208C013400F19030 /* Base */,
			);
			name = LaunchScreen.storyboard;
			sourceTree = "<group>";
		};
/* End PBXVariantGroup section */

/* Begin XCBuildConfiguration section */
		BF15C3C0208C013400F19030 /* Debug */ = {
			isa = XCBuildConfiguration;
			buildSettings = {
				ALWAYS_SEARCH_USER_PATHS = NO;
				CLANG_ANALYZER_NONNULL = YES;
				CLANG_ANALYZER_NUMBER_OBJECT_CONVERSION = YES_AGGRESSIVE;
				CLANG_CXX_LANGUAGE_STANDARD = "gnu++14";
				CLANG_CXX_LIBRARY = "libc++";
				CLANG_ENABLE_MODULES = YES;
				CLANG_ENABLE_OBJC_ARC = YES;
				CLANG_ENABLE_OBJC_WEAK = YES;
				CLANG_WARN_BLOCK_CAPTURE_AUTORELEASING = YES;
				CLANG_WARN_BOOL_CONVERSION = YES;
				CLANG_WARN_COMMA = YES;
				CLANG_WARN_CONSTANT_CONVERSION = YES;
				CLANG_WARN_DEPRECATED_OBJC_IMPLEMENTATIONS = YES;
				CLANG_WARN_DIRECT_OBJC_ISA_USAGE = YES_ERROR;
				CLANG_WARN_DOCUMENTATION_COMMENTS = YES;
				CLANG_WARN_EMPTY_BODY = YES;
				CLANG_WARN_ENUM_CONVERSION = YES;
				CLANG_WARN_INFINITE_RECURSION = YES;
				CLANG_WARN_INT_CONVERSION = YES;
				CLANG_WARN_NON_LITERAL_NULL_CONVERSION = YES;
				CLANG_WARN_OBJC_IMPLICIT_RETAIN_SELF = YES;
				CLANG_WARN_OBJC_LITERAL_CONVERSION = YES;
				CLANG_WARN_OBJC_ROOT_CLASS = YES_ERROR;
				CLANG_WARN_RANGE_LOOP_ANALYSIS = YES;
				CLANG_WARN_STRICT_PROTOTYPES = YES;
				CLANG_WARN_SUSPICIOUS_MOVE = YES;
				CLANG_WARN_UNGUARDED_AVAILABILITY = YES_AGGRESSIVE;
				CLANG_WARN_UNREACHABLE_CODE = YES;
				CLANG_WARN__DUPLICATE_METHOD_MATCH = YES;
				CODE_SIGN_IDENTITY = "iPhone Developer";
				COPY_PHASE_STRIP = NO;
				DEBUG_INFORMATION_FORMAT = dwarf;
				ENABLE_STRICT_OBJC_MSGSEND = YES;
				ENABLE_TESTABILITY = YES;
				GCC_C_LANGUAGE_STANDARD = gnu11;
				GCC_DYNAMIC_NO_PIC = NO;
				GCC_NO_COMMON_BLOCKS = YES;
				GCC_OPTIMIZATION_LEVEL = 0;
				GCC_PREPROCESSOR_DEFINITIONS = (
					"DEBUG=1",
					"$(inherited)",
				);
				GCC_WARN_64_TO_32_BIT_CONVERSION = YES;
				GCC_WARN_ABOUT_RETURN_TYPE = YES_ERROR;
				GCC_WARN_UNDECLARED_SELECTOR = YES;
				GCC_WARN_UNINITIALIZED_AUTOS = YES_AGGRESSIVE;
				GCC_WARN_UNUSED_FUNCTION = YES;
				GCC_WARN_UNUSED_VARIABLE = YES;
				IPHONEOS_DEPLOYMENT_TARGET = 11.3;
				MTL_ENABLE_DEBUG_INFO = YES;
				ONLY_ACTIVE_ARCH = YES;
				SDKROOT = iphoneos;
				SWIFT_ACTIVE_COMPILATION_CONDITIONS = DEBUG;
				SWIFT_OPTIMIZATION_LEVEL = "-Onone";
			};
			name = Debug;
		};
		BF15C3C1208C013400F19030 /* Release */ = {
			isa = XCBuildConfiguration;
			buildSettings = {
				ALWAYS_SEARCH_USER_PATHS = NO;
				CLANG_ANALYZER_NONNULL = YES;
				CLANG_ANALYZER_NUMBER_OBJECT_CONVERSION = YES_AGGRESSIVE;
				CLANG_CXX_LANGUAGE_STANDARD = "gnu++14";
				CLANG_CXX_LIBRARY = "libc++";
				CLANG_ENABLE_MODULES = YES;
				CLANG_ENABLE_OBJC_ARC = YES;
				CLANG_ENABLE_OBJC_WEAK = YES;
				CLANG_WARN_BLOCK_CAPTURE_AUTORELEASING = YES;
				CLANG_WARN_BOOL_CONVERSION = YES;
				CLANG_WARN_COMMA = YES;
				CLANG_WARN_CONSTANT_CONVERSION = YES;
				CLANG_WARN_DEPRECATED_OBJC_IMPLEMENTATIONS = YES;
				CLANG_WARN_DIRECT_OBJC_ISA_USAGE = YES_ERROR;
				CLANG_WARN_DOCUMENTATION_COMMENTS = YES;
				CLANG_WARN_EMPTY_BODY = YES;
				CLANG_WARN_ENUM_CONVERSION = YES;
				CLANG_WARN_INFINITE_RECURSION = YES;
				CLANG_WARN_INT_CONVERSION = YES;
				CLANG_WARN_NON_LITERAL_NULL_CONVERSION = YES;
				CLANG_WARN_OBJC_IMPLICIT_RETAIN_SELF = YES;
				CLANG_WARN_OBJC_LITERAL_CONVERSION = YES;
				CLANG_WARN_OBJC_ROOT_CLASS = YES_ERROR;
				CLANG_WARN_RANGE_LOOP_ANALYSIS = YES;
				CLANG_WARN_STRICT_PROTOTYPES = YES;
				CLANG_WARN_SUSPICIOUS_MOVE = YES;
				CLANG_WARN_UNGUARDED_AVAILABILITY = YES_AGGRESSIVE;
				CLANG_WARN_UNREACHABLE_CODE = YES;
				CLANG_WARN__DUPLICATE_METHOD_MATCH = YES;
				CODE_SIGN_IDENTITY = "iPhone Developer";
				COPY_PHASE_STRIP = NO;
				DEBUG_INFORMATION_FORMAT = "dwarf-with-dsym";
				ENABLE_NS_ASSERTIONS = NO;
				ENABLE_STRICT_OBJC_MSGSEND = YES;
				GCC_C_LANGUAGE_STANDARD = gnu11;
				GCC_NO_COMMON_BLOCKS = YES;
				GCC_WARN_64_TO_32_BIT_CONVERSION = YES;
				GCC_WARN_ABOUT_RETURN_TYPE = YES_ERROR;
				GCC_WARN_UNDECLARED_SELECTOR = YES;
				GCC_WARN_UNINITIALIZED_AUTOS = YES_AGGRESSIVE;
				GCC_WARN_UNUSED_FUNCTION = YES;
				GCC_WARN_UNUSED_VARIABLE = YES;
				IPHONEOS_DEPLOYMENT_TARGET = 11.3;
				MTL_ENABLE_DEBUG_INFO = NO;
				SDKROOT = iphoneos;
				SWIFT_COMPILATION_MODE = wholemodule;
				SWIFT_OPTIMIZATION_LEVEL = "-O";
				VALIDATE_PRODUCT = YES;
			};
			name = Release;
		};
		BF15C3C3208C013400F19030 /* Debug */ = {
			isa = XCBuildConfiguration;
			buildSettings = {
				ASSETCATALOG_COMPILER_APPICON_NAME = AppIcon;
				CODE_SIGN_STYLE = Automatic;
				DEVELOPMENT_TEAM = 8N92JL6TW9;
				INFOPLIST_FILE = Melancia/Info.plist;
				LD_RUNPATH_SEARCH_PATHS = (
					"$(inherited)",
					"@executable_path/Frameworks",
				);
				PRODUCT_BUNDLE_IDENTIFIER = com.Melancia;
				PRODUCT_NAME = "$(TARGET_NAME)";
				SWIFT_VERSION = 4.0;
				TARGETED_DEVICE_FAMILY = "1,2";
			};
			name = Debug;
		};
		BF15C3C4208C013400F19030 /* Release */ = {
			isa = XCBuildConfiguration;
			buildSettings = {
				ASSETCATALOG_COMPILER_APPICON_NAME = AppIcon;
				CODE_SIGN_STYLE = Automatic;
				DEVELOPMENT_TEAM = 8N92JL6TW9;
				INFOPLIST_FILE = Melancia/Info.plist;
				LD_RUNPATH_SEARCH_PATHS = (
					"$(inherited)",
					"@executable_path/Frameworks",
				);
				PRODUCT_BUNDLE_IDENTIFIER = com.Melancia;
				PRODUCT_NAME = "$(TARGET_NAME)";
				SWIFT_VERSION = 4.0;
				TARGETED_DEVICE_FAMILY = "1,2";
			};
			name = Release;
		};
		BF15C3C6208C013400F19030 /* Debug */ = {
			isa = XCBuildConfiguration;
			buildSettings = {
				ALWAYS_EMBED_SWIFT_STANDARD_LIBRARIES = YES;
				BUNDLE_LOADER = "$(TEST_HOST)";
				CODE_SIGN_STYLE = Automatic;
				INFOPLIST_FILE = MelonciaTests/Info.plist;
				LD_RUNPATH_SEARCH_PATHS = (
					"$(inherited)",
					"@executable_path/Frameworks",
					"@loader_path/Frameworks",
				);
				PRODUCT_BUNDLE_IDENTIFIER = com.MelonciaTests;
				PRODUCT_NAME = "$(TARGET_NAME)";
				SWIFT_VERSION = 4.0;
				TARGETED_DEVICE_FAMILY = "1,2";
				TEST_HOST = "$(BUILT_PRODUCTS_DIR)/Melancia.app/Melancia";
			};
			name = Debug;
		};
		BF15C3C7208C013400F19030 /* Release */ = {
			isa = XCBuildConfiguration;
			buildSettings = {
				ALWAYS_EMBED_SWIFT_STANDARD_LIBRARIES = YES;
				BUNDLE_LOADER = "$(TEST_HOST)";
				CODE_SIGN_STYLE = Automatic;
				INFOPLIST_FILE = MelonciaTests/Info.plist;
				LD_RUNPATH_SEARCH_PATHS = (
					"$(inherited)",
					"@executable_path/Frameworks",
					"@loader_path/Frameworks",
				);
				PRODUCT_BUNDLE_IDENTIFIER = com.MelonciaTests;
				PRODUCT_NAME = "$(TARGET_NAME)";
				SWIFT_VERSION = 4.0;
				TARGETED_DEVICE_FAMILY = "1,2";
				TEST_HOST = "$(BUILT_PRODUCTS_DIR)/Melancia.app/Melancia";
			};
			name = Release;
		};
		BF15C3C9208C013400F19030 /* Debug */ = {
			isa = XCBuildConfiguration;
			buildSettings = {
				ALWAYS_EMBED_SWIFT_STANDARD_LIBRARIES = YES;
				CODE_SIGN_STYLE = Automatic;
				INFOPLIST_FILE = MelonciaUITests/Info.plist;
				LD_RUNPATH_SEARCH_PATHS = (
					"$(inherited)",
					"@executable_path/Frameworks",
					"@loader_path/Frameworks",
				);
				PRODUCT_BUNDLE_IDENTIFIER = com.MelonciaUITests;
				PRODUCT_NAME = "$(TARGET_NAME)";
				SWIFT_VERSION = 4.0;
				TARGETED_DEVICE_FAMILY = "1,2";
				TEST_TARGET_NAME = Meloncia;
			};
			name = Debug;
		};
		BF15C3CA208C013400F19030 /* Release */ = {
			isa = XCBuildConfiguration;
			buildSettings = {
				ALWAYS_EMBED_SWIFT_STANDARD_LIBRARIES = YES;
				CODE_SIGN_STYLE = Automatic;
				INFOPLIST_FILE = MelonciaUITests/Info.plist;
				LD_RUNPATH_SEARCH_PATHS = (
					"$(inherited)",
					"@executable_path/Frameworks",
					"@loader_path/Frameworks",
				);
				PRODUCT_BUNDLE_IDENTIFIER = com.MelonciaUITests;
				PRODUCT_NAME = "$(TARGET_NAME)";
				SWIFT_VERSION = 4.0;
				TARGETED_DEVICE_FAMILY = "1,2";
				TEST_TARGET_NAME = Meloncia;
			};
			name = Release;
		};
/* End XCBuildConfiguration section */

/* Begin XCConfigurationList section */
		BF15C395208C013100F19030 /* Build configuration list for PBXProject "Melancia" */ = {
			isa = XCConfigurationList;
			buildConfigurations = (
				BF15C3C0208C013400F19030 /* Debug */,
				BF15C3C1208C013400F19030 /* Release */,
			);
			defaultConfigurationIsVisible = 0;
			defaultConfigurationName = Release;
		};
		BF15C3C2208C013400F19030 /* Build configuration list for PBXNativeTarget "Melancia" */ = {
			isa = XCConfigurationList;
			buildConfigurations = (
				BF15C3C3208C013400F19030 /* Debug */,
				BF15C3C4208C013400F19030 /* Release */,
			);
			defaultConfigurationIsVisible = 0;
			defaultConfigurationName = Release;
		};
		BF15C3C5208C013400F19030 /* Build configuration list for PBXNativeTarget "MelanciaTests" */ = {
			isa = XCConfigurationList;
			buildConfigurations = (
				BF15C3C6208C013400F19030 /* Debug */,
				BF15C3C7208C013400F19030 /* Release */,
			);
			defaultConfigurationIsVisible = 0;
			defaultConfigurationName = Release;
		};
		BF15C3C8208C013400F19030 /* Build configuration list for PBXNativeTarget "MelanciaUITests" */ = {
			isa = XCConfigurationList;
			buildConfigurations = (
				BF15C3C9208C013400F19030 /* Debug */,
				BF15C3CA208C013400F19030 /* Release */,
			);
			defaultConfigurationIsVisible = 0;
			defaultConfigurationName = Release;
		};
/* End XCConfigurationList section */
	};
	rootObject = BF15C392208C013100F19030 /* Project object */;
}
